
Microsoft Visual Studio Solution File, Format Version 12.00
# Visual Studio Version 17
VisualStudioVersion = 17.10.35122.118
MinimumVisualStudioVersion = 10.0.40219.1
Project("{9A19103F-16F7-4668-BE54-9A1E7A4F7556}") = "Assignment4.Api", "Assignment4.Api\Assignment4.Api.csproj", "{7F295AEE-C5A1-45E5-A6E0-EFE1B0079B1E}"
EndProject
Project("{9A19103F-16F7-4668-BE54-9A1E7A4F7556}") = "Assignment4.UI", "Assignment4.UI\Assignment4.UI.csproj", "{EE199513-0342-4A6C-A18C-42F145BFDC26}"
EndProject
Global
	GlobalSection(SolutionConfigurationPlatforms) = preSolution
		Debug|Any CPU = Debug|Any CPU
		Release|Any CPU = Release|Any CPU
	EndGlobalSection
	GlobalSection(ProjectConfigurationPlatforms) = postSolution
		{7F295AEE-C5A1-45E5-A6E0-EFE1B0079B1E}.Debug|Any CPU.ActiveCfg = Debug|Any CPU
		{7F295AEE-C5A1-45E5-A6E0-EFE1B0079B1E}.Debug|Any CPU.Build.0 = Debug|Any CPU
		{7F295AEE-C5A1-45E5-A6E0-EFE1B0079B1E}.Release|Any CPU.ActiveCfg = Release|Any CPU
		{7F295AEE-C5A1-45E5-A6E0-EFE1B0079B1E}.Release|Any CPU.Build.0 = Release|Any CPU
		{EE199513-0342-4A6C-A18C-42F145BFDC26}.Debug|Any CPU.ActiveCfg = Debug|Any CPU
		{EE199513-0342-4A6C-A18C-42F145BFDC26}.Debug|Any CPU.Build.0 = Debug|Any CPU
		{EE199513-0342-4A6C-A18C-42F145BFDC26}.Release|Any CPU.ActiveCfg = Release|Any CPU
		{EE199513-0342-4A6C-A18C-42F145BFDC26}.Release|Any CPU.Build.0 = Release|Any CPU
	EndGlobalSection
	GlobalSection(SolutionProperties) = preSolution
		HideSolutionNode = FALSE
	EndGlobalSection
	GlobalSection(ExtensibilityGlobals) = postSolution
		SolutionGuid = {E4094812-E840-4ACC-AFFB-0F890ABD6443}
	EndGlobalSection
EndGlobal
